
Microsoft Visual Studio Solution File, Format Version 12.00
# Visual Studio Version 16
VisualStudioVersion = 16.0.34407.143
MinimumVisualStudioVersion = 10.0.40219.1
Project("{8BC9CEB8-8B4A-11D0-8D11-00A0C91BC942}") = "DSA_STACK", "DSA_STACK.vcxproj", "{35888E5F-D7B0-45D8-836E-C1F43C1E6B3A}"
EndProject
Global
	GlobalSection(SolutionConfigurationPlatforms) = preSolution
		Debug|x64 = Debug|x64
		Debug|x86 = Debug|x86
		Release|x64 = Release|x64
		Release|x86 = Release|x86
	EndGlobalSection
	GlobalSection(ProjectConfigurationPlatforms) = postSolution
		{35888E5F-D7B0-45D8-836E-C1F43C1E6B3A}.Debug|x64.ActiveCfg = Debug|x64
		{35888E5F-D7B0-45D8-836E-C1F43C1E6B3A}.Debug|x64.Build.0 = Debug|x64
		{35888E5F-D7B0-45D8-836E-C1F43C1E6B3A}.Debug|x86.ActiveCfg = Debug|Win32
		{35888E5F-D7B0-45D8-836E-C1F43C1E6B3A}.Debug|x86.Build.0 = Debug|Win32
		{35888E5F-D7B0-45D8-836E-C1F43C1E6B3A}.Release|x64.ActiveCfg = Release|x64
		{35888E5F-D7B0-45D8-836E-C1F43C1E6B3A}.Release|x64.Build.0 = Release|x64
		{35888E5F-D7B0-45D8-836E-C1F43C1E6B3A}.Release|x86.ActiveCfg = Release|Win32
		{35888E5F-D7B0-45D8-836E-C1F43C1E6B3A}.Release|x86.Build.0 = Release|Win32
	EndGlobalSection
	GlobalSection(SolutionProperties) = preSolution
		HideSolutionNode = FALSE
	EndGlobalSection
	GlobalSection(ExtensibilityGlobals) = postSolution
		SolutionGuid = {68CFE098-5D7B-4AF7-9CE8-2669FDC005C3}
	EndGlobalSection
EndGlobal
